
Microsoft Visual Studio Solution File, Format Version 12.00
# Visual Studio Version 17
VisualStudioVersion = 17.8.34330.188
MinimumVisualStudioVersion = 10.0.40219.1
Project("{9A19103F-16F7-4668-BE54-9A1E7A4F7556}") = "Budget.Pages", "Budget.Pages\Budget.Pages.csproj", "{96F320C4-1D36-4D4B-AD90-9F15856AAD0A}"
EndProject
Project("{9A19103F-16F7-4668-BE54-9A1E7A4F7556}") = "Budget.Core", "Budget.Core\Budget.Core.csproj", "{55B4649E-C992-4B2E-A948-81EDD91ADEF4}"
EndProject
Project("{9A19103F-16F7-4668-BE54-9A1E7A4F7556}") = "Budget.Tests", "Budget.Tests\Budget.Tests.csproj", "{D95CCE5B-49D9-4EB3-8FA7-8260AF74AEF1}"
EndProject
Project("{9A19103F-16F7-4668-BE54-9A1E7A4F7556}") = "Budget.IntegrationTests", "Budget.IntegrationTests\Budget.IntegrationTests.csproj", "{A64DF4A3-2B5A-4815-85BA-AC033B11FBC8}"
EndProject
Project("{9A19103F-16F7-4668-BE54-9A1E7A4F7556}") = "Budget.App", "Budget.App\Budget.App.csproj", "{D55B5BB8-15CF-4C73-8DE2-05E7FC3E3F27}"
EndProject
Global
	GlobalSection(SolutionConfigurationPlatforms) = preSolution
		Debug|Any CPU = Debug|Any CPU
		Release|Any CPU = Release|Any CPU
	EndGlobalSection
	GlobalSection(ProjectConfigurationPlatforms) = postSolution
		{96F320C4-1D36-4D4B-AD90-9F15856AAD0A}.Debug|Any CPU.ActiveCfg = Debug|Any CPU
		{96F320C4-1D36-4D4B-AD90-9F15856AAD0A}.Debug|Any CPU.Build.0 = Debug|Any CPU
		{96F320C4-1D36-4D4B-AD90-9F15856AAD0A}.Release|Any CPU.ActiveCfg = Release|Any CPU
		{96F320C4-1D36-4D4B-AD90-9F15856AAD0A}.Release|Any CPU.Build.0 = Release|Any CPU
		{55B4649E-C992-4B2E-A948-81EDD91ADEF4}.Debug|Any CPU.ActiveCfg = Debug|Any CPU
		{55B4649E-C992-4B2E-A948-81EDD91ADEF4}.Debug|Any CPU.Build.0 = Debug|Any CPU
		{55B4649E-C992-4B2E-A948-81EDD91ADEF4}.Release|Any CPU.ActiveCfg = Release|Any CPU
		{55B4649E-C992-4B2E-A948-81EDD91ADEF4}.Release|Any CPU.Build.0 = Release|Any CPU
		{D95CCE5B-49D9-4EB3-8FA7-8260AF74AEF1}.Debug|Any CPU.ActiveCfg = Debug|Any CPU
		{D95CCE5B-49D9-4EB3-8FA7-8260AF74AEF1}.Debug|Any CPU.Build.0 = Debug|Any CPU
		{D95CCE5B-49D9-4EB3-8FA7-8260AF74AEF1}.Release|Any CPU.ActiveCfg = Release|Any CPU
		{D95CCE5B-49D9-4EB3-8FA7-8260AF74AEF1}.Release|Any CPU.Build.0 = Release|Any CPU
		{A64DF4A3-2B5A-4815-85BA-AC033B11FBC8}.Debug|Any CPU.ActiveCfg = Debug|Any CPU
		{A64DF4A3-2B5A-4815-85BA-AC033B11FBC8}.Debug|Any CPU.Build.0 = Debug|Any CPU
		{A64DF4A3-2B5A-4815-85BA-AC033B11FBC8}.Release|Any CPU.ActiveCfg = Release|Any CPU
		{A64DF4A3-2B5A-4815-85BA-AC033B11FBC8}.Release|Any CPU.Build.0 = Release|Any CPU
		{D55B5BB8-15CF-4C73-8DE2-05E7FC3E3F27}.Debug|Any CPU.ActiveCfg = Debug|Any CPU
		{D55B5BB8-15CF-4C73-8DE2-05E7FC3E3F27}.Debug|Any CPU.Build.0 = Debug|Any CPU
		{D55B5BB8-15CF-4C73-8DE2-05E7FC3E3F27}.Release|Any CPU.ActiveCfg = Release|Any CPU
		{D55B5BB8-15CF-4C73-8DE2-05E7FC3E3F27}.Release|Any CPU.Build.0 = Release|Any CPU
	EndGlobalSection
	GlobalSection(SolutionProperties) = preSolution
		HideSolutionNode = FALSE
	EndGlobalSection
	GlobalSection(ExtensibilityGlobals) = postSolution
		SolutionGuid = {394C7D23-8C28-4064-B129-1E544F538FA5}
	EndGlobalSection
EndGlobal
