
Microsoft Visual Studio Solution File, Format Version 12.00
# Visual Studio Version 17
VisualStudioVersion = 17.8.34330.188
MinimumVisualStudioVersion = 10.0.40219.1
Project("{9A19103F-16F7-4668-BE54-9A1E7A4F7556}") = "Budget.Ui.Tests", "tests\Budget.Ui.Tests\Budget.Ui.Tests.csproj", "{D95CCE5B-49D9-4EB3-8FA7-8260AF74AEF1}"
EndProject
Project("{2150E333-8FDC-42A3-9474-1A3956D46DE8}") = "Solution Items", "src\Solution Items", "{FF0DFC6B-A002-42FA-8B5D-6D3767B916EF}"
	ProjectSection(SolutionItems) = preProject
		.gitignore = .gitignore
		.runsettings = .runsettings
		azure-pipelines-app.yml = azure-pipelines-app.yml
		docker-compose.yml = docker-compose.yml
		README.md = README.md
	EndProjectSection
EndProject
Project("{9A19103F-16F7-4668-BE54-9A1E7A4F7556}") = "Budget.Ui", "src\Budget.Ui\Budget.Ui.csproj", "{50289991-5127-454E-8AEA-21CF3167D58A}"
EndProject
Project("{FAE04EC0-301F-11D3-BF4B-00C04F79EFBC}") = "Budget.ApiClient", "src\Budget.ApiClient\Budget.ApiClient.csproj", "{9CFC30AA-7CF1-454E-8AD4-C92FF7A0A054}"
EndProject
Project("{2150E333-8FDC-42A3-9474-1A3956D46DE8}") = "Tests", "Tests", "{96FE9674-5CDE-4668-B6C9-D7585567241C}"
EndProject
Project("{2150E333-8FDC-42A3-9474-1A3956D46DE8}") = "Dependencies", "Dependencies", "{8F22544E-B842-4738-A218-D3FAAE773300}"
EndProject
Project("{FAE04EC0-301F-11D3-BF4B-00C04F79EFBC}") = "Hertmans.Shared.Auth", "submodules\Hertmans.Shared\src\Hertmans.Shared.Auth\Hertmans.Shared.Auth.csproj", "{70901E4B-3001-462C-8BF2-0B38D3FE5F0E}"
EndProject
Project("{FAE04EC0-301F-11D3-BF4B-00C04F79EFBC}") = "Budget.Aspire", "src\Budget.Aspire\Budget.Aspire.csproj", "{9CE8AF0D-D83B-4194-9B99-953D8483D219}"
EndProject
Project("{2150E333-8FDC-42A3-9474-1A3956D46DE8}") = "Api", "Api", "{78BD47F6-1805-468E-B5FF-E513D31A6D9F}"
EndProject
Project("{FAE04EC0-301F-11D3-BF4B-00C04F79EFBC}") = "Budget.Domain", "src\Budget.Domain\Budget.Domain.csproj", "{1B81509B-0DA9-47EB-ADA3-E49400B466C5}"
EndProject
Project("{FAE04EC0-301F-11D3-BF4B-00C04F79EFBC}") = "Budget.Infrastructure", "src\Budget.Infrastructure\Budget.Infrastructure.csproj", "{B7AD2030-F272-4184-976B-9063B6ED6030}"
EndProject
Project("{FAE04EC0-301F-11D3-BF4B-00C04F79EFBC}") = "Budget.Application", "src\Budget.Application\Budget.Application.csproj", "{DF5DF375-9DD4-4608-A7F5-77DE0ACCD2ED}"
EndProject
Project("{FAE04EC0-301F-11D3-BF4B-00C04F79EFBC}") = "Budget.Worker", "src\Budget.Worker\Budget.Worker.csproj", "{6C0FD3F8-3E9C-4EBE-BF7B-A3F4487922A4}"
EndProject
Project("{FAE04EC0-301F-11D3-BF4B-00C04F79EFBC}") = "Budget.Api", "src\Budget.Api\Budget.Api.csproj", "{8DBBAD91-DB65-4C08-8E71-20BC5930195B}"
EndProject
Project("{FAE04EC0-301F-11D3-BF4B-00C04F79EFBC}") = "Budget.MigrationsRunner", "src\Budget.MigrationsRunner\Budget.MigrationsRunner.csproj", "{A3F66F4C-BA83-4C4A-94F0-7B4736947238}"
EndProject
Project("{FAE04EC0-301F-11D3-BF4B-00C04F79EFBC}") = "Budget.Api.IntegrationTests", "tests\Budget.Api.IntegrationTests\Budget.Api.IntegrationTests.csproj", "{214A42AC-D1DB-4D5E-B44F-C3DF6C7B7829}"
EndProject
Project("{FAE04EC0-301F-11D3-BF4B-00C04F79EFBC}") = "Budget.Api.UnitTests", "tests\Budget.Api.UnitTests\Budget.Api.UnitTests.csproj", "{8E58996A-9772-458D-A6D8-8F1D405424CD}"
EndProject
Project("{2150E333-8FDC-42A3-9474-1A3956D46DE8}") = "Ui", "Ui", "{6B0C68E9-034D-4033-804D-B62BBB0776A5}"
EndProject
Project("{FAE04EC0-301F-11D3-BF4B-00C04F79EFBC}") = "Budget.Web", "src\Budget.Web\Budget.Web.csproj", "{6F6D340E-DA65-452D-93B4-74A391EFA6BC}"
EndProject
Global
	GlobalSection(SolutionConfigurationPlatforms) = preSolution
		Debug|Any CPU = Debug|Any CPU
		Release|Any CPU = Release|Any CPU
	EndGlobalSection
	GlobalSection(ProjectConfigurationPlatforms) = postSolution
		{D95CCE5B-49D9-4EB3-8FA7-8260AF74AEF1}.Debug|Any CPU.ActiveCfg = Debug|Any CPU
		{D95CCE5B-49D9-4EB3-8FA7-8260AF74AEF1}.Debug|Any CPU.Build.0 = Debug|Any CPU
		{D95CCE5B-49D9-4EB3-8FA7-8260AF74AEF1}.Release|Any CPU.ActiveCfg = Release|Any CPU
		{D95CCE5B-49D9-4EB3-8FA7-8260AF74AEF1}.Release|Any CPU.Build.0 = Release|Any CPU
		{50289991-5127-454E-8AEA-21CF3167D58A}.Debug|Any CPU.ActiveCfg = Debug|Any CPU
		{50289991-5127-454E-8AEA-21CF3167D58A}.Debug|Any CPU.Build.0 = Debug|Any CPU
		{50289991-5127-454E-8AEA-21CF3167D58A}.Release|Any CPU.ActiveCfg = Release|Any CPU
		{50289991-5127-454E-8AEA-21CF3167D58A}.Release|Any CPU.Build.0 = Release|Any CPU
		{9CFC30AA-7CF1-454E-8AD4-C92FF7A0A054}.Debug|Any CPU.ActiveCfg = Debug|Any CPU
		{9CFC30AA-7CF1-454E-8AD4-C92FF7A0A054}.Debug|Any CPU.Build.0 = Debug|Any CPU
		{9CFC30AA-7CF1-454E-8AD4-C92FF7A0A054}.Release|Any CPU.ActiveCfg = Release|Any CPU
		{9CFC30AA-7CF1-454E-8AD4-C92FF7A0A054}.Release|Any CPU.Build.0 = Release|Any CPU
		{70901E4B-3001-462C-8BF2-0B38D3FE5F0E}.Debug|Any CPU.ActiveCfg = Debug|Any CPU
		{70901E4B-3001-462C-8BF2-0B38D3FE5F0E}.Debug|Any CPU.Build.0 = Debug|Any CPU
		{70901E4B-3001-462C-8BF2-0B38D3FE5F0E}.Release|Any CPU.ActiveCfg = Release|Any CPU
		{70901E4B-3001-462C-8BF2-0B38D3FE5F0E}.Release|Any CPU.Build.0 = Release|Any CPU
		{9CE8AF0D-D83B-4194-9B99-953D8483D219}.Debug|Any CPU.ActiveCfg = Debug|Any CPU
		{9CE8AF0D-D83B-4194-9B99-953D8483D219}.Debug|Any CPU.Build.0 = Debug|Any CPU
		{9CE8AF0D-D83B-4194-9B99-953D8483D219}.Release|Any CPU.ActiveCfg = Release|Any CPU
		{9CE8AF0D-D83B-4194-9B99-953D8483D219}.Release|Any CPU.Build.0 = Release|Any CPU
		{1B81509B-0DA9-47EB-ADA3-E49400B466C5}.Debug|Any CPU.ActiveCfg = Debug|Any CPU
		{1B81509B-0DA9-47EB-ADA3-E49400B466C5}.Debug|Any CPU.Build.0 = Debug|Any CPU
		{1B81509B-0DA9-47EB-ADA3-E49400B466C5}.Release|Any CPU.ActiveCfg = Release|Any CPU
		{1B81509B-0DA9-47EB-ADA3-E49400B466C5}.Release|Any CPU.Build.0 = Release|Any CPU
		{B7AD2030-F272-4184-976B-9063B6ED6030}.Debug|Any CPU.ActiveCfg = Debug|Any CPU
		{B7AD2030-F272-4184-976B-9063B6ED6030}.Debug|Any CPU.Build.0 = Debug|Any CPU
		{B7AD2030-F272-4184-976B-9063B6ED6030}.Release|Any CPU.ActiveCfg = Release|Any CPU
		{B7AD2030-F272-4184-976B-9063B6ED6030}.Release|Any CPU.Build.0 = Release|Any CPU
		{DF5DF375-9DD4-4608-A7F5-77DE0ACCD2ED}.Debug|Any CPU.ActiveCfg = Debug|Any CPU
		{DF5DF375-9DD4-4608-A7F5-77DE0ACCD2ED}.Debug|Any CPU.Build.0 = Debug|Any CPU
		{DF5DF375-9DD4-4608-A7F5-77DE0ACCD2ED}.Release|Any CPU.ActiveCfg = Release|Any CPU
		{DF5DF375-9DD4-4608-A7F5-77DE0ACCD2ED}.Release|Any CPU.Build.0 = Release|Any CPU
		{6C0FD3F8-3E9C-4EBE-BF7B-A3F4487922A4}.Debug|Any CPU.ActiveCfg = Debug|Any CPU
		{6C0FD3F8-3E9C-4EBE-BF7B-A3F4487922A4}.Debug|Any CPU.Build.0 = Debug|Any CPU
		{6C0FD3F8-3E9C-4EBE-BF7B-A3F4487922A4}.Release|Any CPU.ActiveCfg = Release|Any CPU
		{6C0FD3F8-3E9C-4EBE-BF7B-A3F4487922A4}.Release|Any CPU.Build.0 = Release|Any CPU
		{8DBBAD91-DB65-4C08-8E71-20BC5930195B}.Debug|Any CPU.ActiveCfg = Debug|Any CPU
		{8DBBAD91-DB65-4C08-8E71-20BC5930195B}.Debug|Any CPU.Build.0 = Debug|Any CPU
		{8DBBAD91-DB65-4C08-8E71-20BC5930195B}.Release|Any CPU.ActiveCfg = Release|Any CPU
		{8DBBAD91-DB65-4C08-8E71-20BC5930195B}.Release|Any CPU.Build.0 = Release|Any CPU
		{A3F66F4C-BA83-4C4A-94F0-7B4736947238}.Debug|Any CPU.ActiveCfg = Debug|Any CPU
		{A3F66F4C-BA83-4C4A-94F0-7B4736947238}.Debug|Any CPU.Build.0 = Debug|Any CPU
		{A3F66F4C-BA83-4C4A-94F0-7B4736947238}.Release|Any CPU.ActiveCfg = Release|Any CPU
		{A3F66F4C-BA83-4C4A-94F0-7B4736947238}.Release|Any CPU.Build.0 = Release|Any CPU
		{214A42AC-D1DB-4D5E-B44F-C3DF6C7B7829}.Debug|Any CPU.ActiveCfg = Debug|Any CPU
		{214A42AC-D1DB-4D5E-B44F-C3DF6C7B7829}.Debug|Any CPU.Build.0 = Debug|Any CPU
		{214A42AC-D1DB-4D5E-B44F-C3DF6C7B7829}.Release|Any CPU.ActiveCfg = Release|Any CPU
		{214A42AC-D1DB-4D5E-B44F-C3DF6C7B7829}.Release|Any CPU.Build.0 = Release|Any CPU
		{8E58996A-9772-458D-A6D8-8F1D405424CD}.Debug|Any CPU.ActiveCfg = Debug|Any CPU
		{8E58996A-9772-458D-A6D8-8F1D405424CD}.Debug|Any CPU.Build.0 = Debug|Any CPU
		{8E58996A-9772-458D-A6D8-8F1D405424CD}.Release|Any CPU.ActiveCfg = Release|Any CPU
		{8E58996A-9772-458D-A6D8-8F1D405424CD}.Release|Any CPU.Build.0 = Release|Any CPU
		{6F6D340E-DA65-452D-93B4-74A391EFA6BC}.Debug|Any CPU.ActiveCfg = Debug|Any CPU
		{6F6D340E-DA65-452D-93B4-74A391EFA6BC}.Debug|Any CPU.Build.0 = Debug|Any CPU
		{6F6D340E-DA65-452D-93B4-74A391EFA6BC}.Release|Any CPU.ActiveCfg = Release|Any CPU
		{6F6D340E-DA65-452D-93B4-74A391EFA6BC}.Release|Any CPU.Build.0 = Release|Any CPU
	EndGlobalSection
	GlobalSection(SolutionProperties) = preSolution
		HideSolutionNode = FALSE
	EndGlobalSection
	GlobalSection(ExtensibilityGlobals) = postSolution
		SolutionGuid = {394C7D23-8C28-4064-B129-1E544F538FA5}
	EndGlobalSection
	GlobalSection(NestedProjects) = preSolution
		{D95CCE5B-49D9-4EB3-8FA7-8260AF74AEF1} = {96FE9674-5CDE-4668-B6C9-D7585567241C}
		{70901E4B-3001-462C-8BF2-0B38D3FE5F0E} = {8F22544E-B842-4738-A218-D3FAAE773300}
		{1B81509B-0DA9-47EB-ADA3-E49400B466C5} = {78BD47F6-1805-468E-B5FF-E513D31A6D9F}
		{B7AD2030-F272-4184-976B-9063B6ED6030} = {78BD47F6-1805-468E-B5FF-E513D31A6D9F}
		{DF5DF375-9DD4-4608-A7F5-77DE0ACCD2ED} = {78BD47F6-1805-468E-B5FF-E513D31A6D9F}
		{6C0FD3F8-3E9C-4EBE-BF7B-A3F4487922A4} = {78BD47F6-1805-468E-B5FF-E513D31A6D9F}
		{8DBBAD91-DB65-4C08-8E71-20BC5930195B} = {78BD47F6-1805-468E-B5FF-E513D31A6D9F}
		{A3F66F4C-BA83-4C4A-94F0-7B4736947238} = {78BD47F6-1805-468E-B5FF-E513D31A6D9F}
		{214A42AC-D1DB-4D5E-B44F-C3DF6C7B7829} = {96FE9674-5CDE-4668-B6C9-D7585567241C}
		{8E58996A-9772-458D-A6D8-8F1D405424CD} = {96FE9674-5CDE-4668-B6C9-D7585567241C}
		{9CFC30AA-7CF1-454E-8AD4-C92FF7A0A054} = {6B0C68E9-034D-4033-804D-B62BBB0776A5}
		{50289991-5127-454E-8AEA-21CF3167D58A} = {6B0C68E9-034D-4033-804D-B62BBB0776A5}
		{6F6D340E-DA65-452D-93B4-74A391EFA6BC} = {6B0C68E9-034D-4033-804D-B62BBB0776A5}
	EndGlobalSection
EndGlobal
