{
  "version": 1,
  "dependencies": {
    "net9.0": {
      "Microsoft.Extensions.Logging": {
        "type": "Direct",
        "requested": "[9.0.8, )",
        "resolved": "9.0.8",
        "contentHash": "Z/7ze+0iheT7FJeZPqJKARYvyC2bmwu3whbm/48BJjdlGVvgDguoCqJIkI/67NkroTYobd5geai1WheNQvWrgA==",
        "dependencies": {
          "Microsoft.Extensions.DependencyInjection": "9.0.8",
          "Microsoft.Extensions.Logging.Abstractions": "9.0.8",
          "Microsoft.Extensions.Options": "9.0.8"
        }
      },
      "Polly.Core": {
        "type": "Direct",
        "requested": "[8.6.2, )",
        "resolved": "8.6.2",
        "contentHash": "ImAKLH6qVDjj0vzw+QxMYxxT/NhQrHK+sZE4GT5JbIfDBOrMDbE4we3BR6SqUQCJuKdjOKf3smUjxIgOUUfNVw=="
      },
      "System.Linq.Dynamic.Core": {
        "type": "Direct",
        "requested": "[1.6.7, )",
        "resolved": "1.6.7",
        "contentHash": "lH+YgtovXbxD6JImHl2VXUtXRUvN8BMEZB2ReZNvS+J5GnGGZV9ivxslQ2nJWmKlBjFTReAKsevnQKE4yLP2pA=="
      },
      "Microsoft.Extensions.DependencyInjection": {
        "type": "Transitive",
        "resolved": "9.0.8",
        "contentHash": "JJjI2Fa+QtZcUyuNjbKn04OjIUX5IgFGFu/Xc+qvzh1rXdZHLcnqqVXhR4093bGirTwacRlHiVg1XYI9xum6QQ==",
        "dependencies": {
          "Microsoft.Extensions.DependencyInjection.Abstractions": "9.0.8"
        }
      },
      "Microsoft.Extensions.DependencyInjection.Abstractions": {
        "type": "Transitive",
        "resolved": "9.0.8",
        "contentHash": "xY3lTjj4+ZYmiKIkyWitddrp1uL5uYiweQjqo4BKBw01ZC4HhcfgLghDpPZcUlppgWAFqFy9SgkiYWOMx365pw=="
      },
      "Microsoft.Extensions.Logging.Abstractions": {
        "type": "Transitive",
        "resolved": "9.0.8",
        "contentHash": "pYnAffJL7ARD/HCnnPvnFKSIHnTSmWz84WIlT9tPeQ4lHNiu0Az7N/8itihWvcF8sT+VVD5lq8V+ckMzu4SbOw==",
        "dependencies": {
          "Microsoft.Extensions.DependencyInjection.Abstractions": "9.0.8"
        }
      },
      "Microsoft.Extensions.Options": {
        "type": "Transitive",
        "resolved": "9.0.8",
        "contentHash": "OmTaQ0v4gxGQkehpwWIqPoEiwsPuG/u4HUsbOFoWGx4DKET2AXzopnFe/fE608FIhzc/kcg2p8JdyMRCCUzitQ==",
        "dependencies": {
          "Microsoft.Extensions.DependencyInjection.Abstractions": "9.0.8",
          "Microsoft.Extensions.Primitives": "9.0.8"
        }
      },
      "Microsoft.Extensions.Primitives": {
        "type": "Transitive",
        "resolved": "9.0.8",
        "contentHash": "tizSIOEsIgSNSSh+hKeUVPK7xmTIjR8s+mJWOu1KXV3htvNQiPMFRMO17OdI1y/4ZApdBVk49u/08QGC9yvLug=="
      },
      "Refit": {
        "type": "Transitive",
        "resolved": "8.0.0",
        "contentHash": "gXRmIy3Va0mwwr8usnqVRQFoFIJaJGlWTTXBlwxIkHB/xwXnq1Ybs1YNA2BM1O4G46JLLlGjg6YOwrTZusuY3Q=="
      },
      "budget.apiclient": {
        "type": "Project",
        "dependencies": {
          "Refit": "[8.0.0, )"
        }
      }
    }
  }
}